// !$*UTF8*$!
{
	archiveVersion = 1;
	classes = {
	};
	objectVersion = 51;
	objects = {

/* Begin PBXBuildFile section */
		05CAD92DD38B3E4AF086CA30 /* Pods_eCommerceAssignmentTests.framework in Frameworks */ = {isa = PBXBuildFile; fileRef = D1592C89A93C6164C7E4B07A /* Pods_eCommerceAssignmentTests.framework */; };
		0EEA332FB05FB1CDDF7C058A /* Pods_eCommerceAssignmentUITests.framework in Frameworks */ = {isa = PBXBuildFile; fileRef = F5A5B45E6C6E70978639CB96 /* Pods_eCommerceAssignmentUITests.framework */; };
		9E61BA5CC535D219904E7771 /* Pods_eCommerceAssignment.framework in Frameworks */ = {isa = PBXBuildFile; fileRef = B460FC8D9615A14089F3967E /* Pods_eCommerceAssignment.framework */; };
		AC49AC2823DA253B00CD6E02 /* AppResourceManager.swift in Sources */ = {isa = PBXBuildFile; fileRef = AC49AC2723DA253B00CD6E02 /* AppResourceManager.swift */; };
		AC49AC2B23DA2A6000CD6E02 /* HTTPSRequestManager.swift in Sources */ = {isa = PBXBuildFile; fileRef = AC49AC2A23DA2A6000CD6E02 /* HTTPSRequestManager.swift */; };
		AC49AC2E23DA2C6100CD6E02 /* InitialData.json in Resources */ = {isa = PBXBuildFile; fileRef = AC49AC2D23DA2C6100CD6E02 /* InitialData.json */; };
		AC49AC6B23DB0E7E00CD6E02 /* eCommerceAssignment.xcdatamodeld in Resources */ = {isa = PBXBuildFile; fileRef = AC49AC4823DB0ADC00CD6E02 /* eCommerceAssignment.xcdatamodeld */; };
		AC49AC8423DB7A2900CD6E02 /* Ranking+CoreDataClass.swift in Sources */ = {isa = PBXBuildFile; fileRef = AC49AC7C23DB7A2900CD6E02 /* Ranking+CoreDataClass.swift */; };
		AC49AC8523DB7A2900CD6E02 /* Ranking+CoreDataProperties.swift in Sources */ = {isa = PBXBuildFile; fileRef = AC49AC7D23DB7A2900CD6E02 /* Ranking+CoreDataProperties.swift */; };
		AC49AC8623DB7A2900CD6E02 /* Variant+CoreDataClass.swift in Sources */ = {isa = PBXBuildFile; fileRef = AC49AC7E23DB7A2900CD6E02 /* Variant+CoreDataClass.swift */; };
		AC49AC8723DB7A2900CD6E02 /* Variant+CoreDataProperties.swift in Sources */ = {isa = PBXBuildFile; fileRef = AC49AC7F23DB7A2900CD6E02 /* Variant+CoreDataProperties.swift */; };
		AC49AC8823DB7A2900CD6E02 /* Product+CoreDataClass.swift in Sources */ = {isa = PBXBuildFile; fileRef = AC49AC8023DB7A2900CD6E02 /* Product+CoreDataClass.swift */; };
		AC49AC8923DB7A2900CD6E02 /* Product+CoreDataProperties.swift in Sources */ = {isa = PBXBuildFile; fileRef = AC49AC8123DB7A2900CD6E02 /* Product+CoreDataProperties.swift */; };
		AC49AC8A23DB7A2900CD6E02 /* Category+CoreDataClass.swift in Sources */ = {isa = PBXBuildFile; fileRef = AC49AC8223DB7A2900CD6E02 /* Category+CoreDataClass.swift */; };
		AC49AC8B23DB7A2900CD6E02 /* Category+CoreDataProperties.swift in Sources */ = {isa = PBXBuildFile; fileRef = AC49AC8323DB7A2900CD6E02 /* Category+CoreDataProperties.swift */; };
		ACA0353F23D3158200BB1D3B /* AppDelegate.swift in Sources */ = {isa = PBXBuildFile; fileRef = ACA0353E23D3158200BB1D3B /* AppDelegate.swift */; };
		ACA0354123D3158200BB1D3B /* SceneDelegate.swift in Sources */ = {isa = PBXBuildFile; fileRef = ACA0354023D3158200BB1D3B /* SceneDelegate.swift */; };
		ACA0354323D3158200BB1D3B /* HomeViewController.swift in Sources */ = {isa = PBXBuildFile; fileRef = ACA0354223D3158200BB1D3B /* HomeViewController.swift */; };
		ACA0354623D3158300BB1D3B /* Main.storyboard in Resources */ = {isa = PBXBuildFile; fileRef = ACA0354423D3158300BB1D3B /* Main.storyboard */; };
		ACA0354B23D3159E00BB1D3B /* Assets.xcassets in Resources */ = {isa = PBXBuildFile; fileRef = ACA0354A23D3159E00BB1D3B /* Assets.xcassets */; };
		ACA0354E23D3159E00BB1D3B /* LaunchScreen.storyboard in Resources */ = {isa = PBXBuildFile; fileRef = ACA0354C23D3159E00BB1D3B /* LaunchScreen.storyboard */; };
		ACA0355923D315A100BB1D3B /* eCommerceAssignmentTests.swift in Sources */ = {isa = PBXBuildFile; fileRef = ACA0355823D315A100BB1D3B /* eCommerceAssignmentTests.swift */; };
		ACA0356423D315A100BB1D3B /* eCommerceAssignmentUITests.swift in Sources */ = {isa = PBXBuildFile; fileRef = ACA0356323D315A100BB1D3B /* eCommerceAssignmentUITests.swift */; };
/* End PBXBuildFile section */

/* Begin PBXContainerItemProxy section */
		ACA0355523D315A100BB1D3B /* PBXContainerItemProxy */ = {
			isa = PBXContainerItemProxy;
			containerPortal = ACA0353323D3158200BB1D3B /* Project object */;
			proxyType = 1;
			remoteGlobalIDString = ACA0353A23D3158200BB1D3B;
			remoteInfo = eCommerceAssignment;
		};
		ACA0356023D315A100BB1D3B /* PBXContainerItemProxy */ = {
			isa = PBXContainerItemProxy;
			containerPortal = ACA0353323D3158200BB1D3B /* Project object */;
			proxyType = 1;
			remoteGlobalIDString = ACA0353A23D3158200BB1D3B;
			remoteInfo = eCommerceAssignment;
		};
/* End PBXContainerItemProxy section */

/* Begin PBXFileReference section */
		00BDF442C5F5461726CE0751 /* Pods-eCommerceAssignmentTests.release.xcconfig */ = {isa = PBXFileReference; includeInIndex = 1; lastKnownFileType = text.xcconfig; name = "Pods-eCommerceAssignmentTests.release.xcconfig"; path = "Target Support Files/Pods-eCommerceAssignmentTests/Pods-eCommerceAssignmentTests.release.xcconfig"; sourceTree = "<group>"; };
		9DC8BCD8597FF7B26329E795 /* Pods-eCommerceAssignment.release.xcconfig */ = {isa = PBXFileReference; includeInIndex = 1; lastKnownFileType = text.xcconfig; name = "Pods-eCommerceAssignment.release.xcconfig"; path = "Target Support Files/Pods-eCommerceAssignment/Pods-eCommerceAssignment.release.xcconfig"; sourceTree = "<group>"; };
		AC49AC1A23D78B1200CD6E02 /* ecommerceAssignment-MagicalRecord-prefix.pch */ = {isa = PBXFileReference; lastKnownFileType = sourcecode.c.h; path = "ecommerceAssignment-MagicalRecord-prefix.pch"; sourceTree = "<group>"; };
		AC49AC2723DA253B00CD6E02 /* AppResourceManager.swift */ = {isa = PBXFileReference; lastKnownFileType = sourcecode.swift; path = AppResourceManager.swift; sourceTree = "<group>"; };
		AC49AC2A23DA2A6000CD6E02 /* HTTPSRequestManager.swift */ = {isa = PBXFileReference; lastKnownFileType = sourcecode.swift; path = HTTPSRequestManager.swift; sourceTree = "<group>"; };
		AC49AC2D23DA2C6100CD6E02 /* InitialData.json */ = {isa = PBXFileReference; lastKnownFileType = text.json; path = InitialData.json; sourceTree = "<group>"; };
		AC49AC4923DB0ADC00CD6E02 /* eCommerceAssignment.xcdatamodel */ = {isa = PBXFileReference; lastKnownFileType = wrapper.xcdatamodel; path = eCommerceAssignment.xcdatamodel; sourceTree = "<group>"; };
		AC49AC7C23DB7A2900CD6E02 /* Ranking+CoreDataClass.swift */ = {isa = PBXFileReference; lastKnownFileType = sourcecode.swift; path = "Ranking+CoreDataClass.swift"; sourceTree = "<group>"; };
		AC49AC7D23DB7A2900CD6E02 /* Ranking+CoreDataProperties.swift */ = {isa = PBXFileReference; lastKnownFileType = sourcecode.swift; path = "Ranking+CoreDataProperties.swift"; sourceTree = "<group>"; };
		AC49AC7E23DB7A2900CD6E02 /* Variant+CoreDataClass.swift */ = {isa = PBXFileReference; lastKnownFileType = sourcecode.swift; path = "Variant+CoreDataClass.swift"; sourceTree = "<group>"; };
		AC49AC7F23DB7A2900CD6E02 /* Variant+CoreDataProperties.swift */ = {isa = PBXFileReference; lastKnownFileType = sourcecode.swift; path = "Variant+CoreDataProperties.swift"; sourceTree = "<group>"; };
		AC49AC8023DB7A2900CD6E02 /* Product+CoreDataClass.swift */ = {isa = PBXFileReference; lastKnownFileType = sourcecode.swift; path = "Product+CoreDataClass.swift"; sourceTree = "<group>"; };
		AC49AC8123DB7A2900CD6E02 /* Product+CoreDataProperties.swift */ = {isa = PBXFileReference; lastKnownFileType = sourcecode.swift; path = "Product+CoreDataProperties.swift"; sourceTree = "<group>"; };
		AC49AC8223DB7A2900CD6E02 /* Category+CoreDataClass.swift */ = {isa = PBXFileReference; lastKnownFileType = sourcecode.swift; path = "Category+CoreDataClass.swift"; sourceTree = "<group>"; };
		AC49AC8323DB7A2900CD6E02 /* Category+CoreDataProperties.swift */ = {isa = PBXFileReference; lastKnownFileType = sourcecode.swift; path = "Category+CoreDataProperties.swift"; sourceTree = "<group>"; };
		ACA0353B23D3158200BB1D3B /* eCommerceAssignment.app */ = {isa = PBXFileReference; explicitFileType = wrapper.application; includeInIndex = 0; path = eCommerceAssignment.app; sourceTree = BUILT_PRODUCTS_DIR; };
		ACA0353E23D3158200BB1D3B /* AppDelegate.swift */ = {isa = PBXFileReference; lastKnownFileType = sourcecode.swift; path = AppDelegate.swift; sourceTree = "<group>"; };
		ACA0354023D3158200BB1D3B /* SceneDelegate.swift */ = {isa = PBXFileReference; lastKnownFileType = sourcecode.swift; path = SceneDelegate.swift; sourceTree = "<group>"; };
		ACA0354223D3158200BB1D3B /* HomeViewController.swift */ = {isa = PBXFileReference; lastKnownFileType = sourcecode.swift; path = HomeViewController.swift; sourceTree = "<group>"; };
		ACA0354523D3158300BB1D3B /* Base */ = {isa = PBXFileReference; lastKnownFileType = file.storyboard; name = Base; path = Base.lproj/Main.storyboard; sourceTree = "<group>"; };
		ACA0354A23D3159E00BB1D3B /* Assets.xcassets */ = {isa = PBXFileReference; lastKnownFileType = folder.assetcatalog; path = Assets.xcassets; sourceTree = "<group>"; };
		ACA0354D23D3159E00BB1D3B /* Base */ = {isa = PBXFileReference; lastKnownFileType = file.storyboard; name = Base; path = Base.lproj/LaunchScreen.storyboard; sourceTree = "<group>"; };
		ACA0354F23D3159E00BB1D3B /* Info.plist */ = {isa = PBXFileReference; lastKnownFileType = text.plist.xml; path = Info.plist; sourceTree = "<group>"; };
		ACA0355423D315A100BB1D3B /* eCommerceAssignmentTests.xctest */ = {isa = PBXFileReference; explicitFileType = wrapper.cfbundle; includeInIndex = 0; path = eCommerceAssignmentTests.xctest; sourceTree = BUILT_PRODUCTS_DIR; };
		ACA0355823D315A100BB1D3B /* eCommerceAssignmentTests.swift */ = {isa = PBXFileReference; lastKnownFileType = sourcecode.swift; path = eCommerceAssignmentTests.swift; sourceTree = "<group>"; };
		ACA0355A23D315A100BB1D3B /* Info.plist */ = {isa = PBXFileReference; lastKnownFileType = text.plist.xml; path = Info.plist; sourceTree = "<group>"; };
		ACA0355F23D315A100BB1D3B /* eCommerceAssignmentUITests.xctest */ = {isa = PBXFileReference; explicitFileType = wrapper.cfbundle; includeInIndex = 0; path = eCommerceAssignmentUITests.xctest; sourceTree = BUILT_PRODUCTS_DIR; };
		ACA0356323D315A100BB1D3B /* eCommerceAssignmentUITests.swift */ = {isa = PBXFileReference; lastKnownFileType = sourcecode.swift; path = eCommerceAssignmentUITests.swift; sourceTree = "<group>"; };
		ACA0356523D315A100BB1D3B /* Info.plist */ = {isa = PBXFileReference; lastKnownFileType = text.plist.xml; path = Info.plist; sourceTree = "<group>"; };
		B18654C4AAE6D15122A7BB5E /* Pods-eCommerceAssignment.debug.xcconfig */ = {isa = PBXFileReference; includeInIndex = 1; lastKnownFileType = text.xcconfig; name = "Pods-eCommerceAssignment.debug.xcconfig"; path = "Target Support Files/Pods-eCommerceAssignment/Pods-eCommerceAssignment.debug.xcconfig"; sourceTree = "<group>"; };
		B460FC8D9615A14089F3967E /* Pods_eCommerceAssignment.framework */ = {isa = PBXFileReference; explicitFileType = wrapper.framework; includeInIndex = 0; path = Pods_eCommerceAssignment.framework; sourceTree = BUILT_PRODUCTS_DIR; };
		C84630CD114BB24DF501A61F /* Pods-eCommerceAssignmentTests.debug.xcconfig */ = {isa = PBXFileReference; includeInIndex = 1; lastKnownFileType = text.xcconfig; name = "Pods-eCommerceAssignmentTests.debug.xcconfig"; path = "Target Support Files/Pods-eCommerceAssignmentTests/Pods-eCommerceAssignmentTests.debug.xcconfig"; sourceTree = "<group>"; };
		D1592C89A93C6164C7E4B07A /* Pods_eCommerceAssignmentTests.framework */ = {isa = PBXFileReference; explicitFileType = wrapper.framework; includeInIndex = 0; path = Pods_eCommerceAssignmentTests.framework; sourceTree = BUILT_PRODUCTS_DIR; };
		F5A5B45E6C6E70978639CB96 /* Pods_eCommerceAssignmentUITests.framework */ = {isa = PBXFileReference; explicitFileType = wrapper.framework; includeInIndex = 0; path = Pods_eCommerceAssignmentUITests.framework; sourceTree = BUILT_PRODUCTS_DIR; };
		FB584B2F543390A75564385B /* Pods-eCommerceAssignmentUITests.release.xcconfig */ = {isa = PBXFileReference; includeInIndex = 1; lastKnownFileType = text.xcconfig; name = "Pods-eCommerceAssignmentUITests.release.xcconfig"; path = "Target Support Files/Pods-eCommerceAssignmentUITests/Pods-eCommerceAssignmentUITests.release.xcconfig"; sourceTree = "<group>"; };
		FCE38D0998C231E5BFAFA98A /* Pods-eCommerceAssignmentUITests.debug.xcconfig */ = {isa = PBXFileReference; includeInIndex = 1; lastKnownFileType = text.xcconfig; name = "Pods-eCommerceAssignmentUITests.debug.xcconfig"; path = "Target Support Files/Pods-eCommerceAssignmentUITests/Pods-eCommerceAssignmentUITests.debug.xcconfig"; sourceTree = "<group>"; };
/* End PBXFileReference section */

/* Begin PBXFrameworksBuildPhase section */
		ACA0353823D3158200BB1D3B /* Frameworks */ = {
			isa = PBXFrameworksBuildPhase;
			buildActionMask = 2147483647;
			files = (
				9E61BA5CC535D219904E7771 /* Pods_eCommerceAssignment.framework in Frameworks */,
			);
			runOnlyForDeploymentPostprocessing = 0;
		};
		ACA0355123D315A100BB1D3B /* Frameworks */ = {
			isa = PBXFrameworksBuildPhase;
			buildActionMask = 2147483647;
			files = (
				05CAD92DD38B3E4AF086CA30 /* Pods_eCommerceAssignmentTests.framework in Frameworks */,
			);
			runOnlyForDeploymentPostprocessing = 0;
		};
		ACA0355C23D315A100BB1D3B /* Frameworks */ = {
			isa = PBXFrameworksBuildPhase;
			buildActionMask = 2147483647;
			files = (
				0EEA332FB05FB1CDDF7C058A /* Pods_eCommerceAssignmentUITests.framework in Frameworks */,
			);
			runOnlyForDeploymentPostprocessing = 0;
		};
/* End PBXFrameworksBuildPhase section */

/* Begin PBXGroup section */
		1424A3FE7BEE2D30DAF042E8 /* Pods */ = {
			isa = PBXGroup;
			children = (
				B18654C4AAE6D15122A7BB5E /* Pods-eCommerceAssignment.debug.xcconfig */,
				9DC8BCD8597FF7B26329E795 /* Pods-eCommerceAssignment.release.xcconfig */,
				C84630CD114BB24DF501A61F /* Pods-eCommerceAssignmentTests.debug.xcconfig */,
				00BDF442C5F5461726CE0751 /* Pods-eCommerceAssignmentTests.release.xcconfig */,
				FCE38D0998C231E5BFAFA98A /* Pods-eCommerceAssignmentUITests.debug.xcconfig */,
				FB584B2F543390A75564385B /* Pods-eCommerceAssignmentUITests.release.xcconfig */,
			);
			path = Pods;
			sourceTree = "<group>";
		};
		4E46FB196BEC45179D7EB42C /* Frameworks */ = {
			isa = PBXGroup;
			children = (
				B460FC8D9615A14089F3967E /* Pods_eCommerceAssignment.framework */,
				D1592C89A93C6164C7E4B07A /* Pods_eCommerceAssignmentTests.framework */,
				F5A5B45E6C6E70978639CB96 /* Pods_eCommerceAssignmentUITests.framework */,
			);
			name = Frameworks;
			sourceTree = "<group>";
		};
		AC49AC1923D78AB600CD6E02 /* Support */ = {
			isa = PBXGroup;
			children = (
				AC49AC1A23D78B1200CD6E02 /* ecommerceAssignment-MagicalRecord-prefix.pch */,
			);
			path = Support;
			sourceTree = "<group>";
		};
		AC49AC2623DA250E00CD6E02 /* AppResourceManager */ = {
			isa = PBXGroup;
			children = (
				AC49AC2723DA253B00CD6E02 /* AppResourceManager.swift */,
			);
			path = AppResourceManager;
			sourceTree = "<group>";
		};
		AC49AC2923DA2A4900CD6E02 /* HTTPSRequestManager */ = {
			isa = PBXGroup;
			children = (
				AC49AC2A23DA2A6000CD6E02 /* HTTPSRequestManager.swift */,
			);
			path = HTTPSRequestManager;
			sourceTree = "<group>";
		};
		AC49AC2C23DA2BB600CD6E02 /* Resources */ = {
			isa = PBXGroup;
			children = (
				AC49AC2D23DA2C6100CD6E02 /* InitialData.json */,
			);
			path = Resources;
			sourceTree = "<group>";
		};
		AC49AC4723DB0ADC00CD6E02 /* DataModels */ = {
			isa = PBXGroup;
			children = (
				AC49AC7C23DB7A2900CD6E02 /* Ranking+CoreDataClass.swift */,
				AC49AC7D23DB7A2900CD6E02 /* Ranking+CoreDataProperties.swift */,
				AC49AC7E23DB7A2900CD6E02 /* Variant+CoreDataClass.swift */,
				AC49AC7F23DB7A2900CD6E02 /* Variant+CoreDataProperties.swift */,
				AC49AC8023DB7A2900CD6E02 /* Product+CoreDataClass.swift */,
				AC49AC8123DB7A2900CD6E02 /* Product+CoreDataProperties.swift */,
				AC49AC8223DB7A2900CD6E02 /* Category+CoreDataClass.swift */,
				AC49AC8323DB7A2900CD6E02 /* Category+CoreDataProperties.swift */,
				AC49AC4823DB0ADC00CD6E02 /* eCommerceAssignment.xcdatamodeld */,
			);
			path = DataModels;
			sourceTree = "<group>";
		};
		ACA0353223D3158200BB1D3B = {
			isa = PBXGroup;
			children = (
				ACA0353D23D3158200BB1D3B /* eCommerceAssignment */,
				ACA0355723D315A100BB1D3B /* eCommerceAssignmentTests */,
				ACA0356223D315A100BB1D3B /* eCommerceAssignmentUITests */,
				AC49AC1923D78AB600CD6E02 /* Support */,
				ACA0353C23D3158200BB1D3B /* Products */,
				1424A3FE7BEE2D30DAF042E8 /* Pods */,
				4E46FB196BEC45179D7EB42C /* Frameworks */,
			);
			sourceTree = "<group>";
		};
		ACA0353C23D3158200BB1D3B /* Products */ = {
			isa = PBXGroup;
			children = (
				ACA0353B23D3158200BB1D3B /* eCommerceAssignment.app */,
				ACA0355423D315A100BB1D3B /* eCommerceAssignmentTests.xctest */,
				ACA0355F23D315A100BB1D3B /* eCommerceAssignmentUITests.xctest */,
			);
			name = Products;
			sourceTree = "<group>";
		};
		ACA0353D23D3158200BB1D3B /* eCommerceAssignment */ = {
			isa = PBXGroup;
			children = (
				ACA0353E23D3158200BB1D3B /* AppDelegate.swift */,
				ACA0354023D3158200BB1D3B /* SceneDelegate.swift */,
				ACA0354223D3158200BB1D3B /* HomeViewController.swift */,
				ACA0354423D3158300BB1D3B /* Main.storyboard */,
				ACA0354A23D3159E00BB1D3B /* Assets.xcassets */,
				ACA0354C23D3159E00BB1D3B /* LaunchScreen.storyboard */,
				ACA0354F23D3159E00BB1D3B /* Info.plist */,
				AC49AC2623DA250E00CD6E02 /* AppResourceManager */,
				AC49AC2923DA2A4900CD6E02 /* HTTPSRequestManager */,
				AC49AC4723DB0ADC00CD6E02 /* DataModels */,
				AC49AC2C23DA2BB600CD6E02 /* Resources */,
			);
			path = eCommerceAssignment;
			sourceTree = "<group>";
		};
		ACA0355723D315A100BB1D3B /* eCommerceAssignmentTests */ = {
			isa = PBXGroup;
			children = (
				ACA0355823D315A100BB1D3B /* eCommerceAssignmentTests.swift */,
				ACA0355A23D315A100BB1D3B /* Info.plist */,
			);
			path = eCommerceAssignmentTests;
			sourceTree = "<group>";
		};
		ACA0356223D315A100BB1D3B /* eCommerceAssignmentUITests */ = {
			isa = PBXGroup;
			children = (
				ACA0356323D315A100BB1D3B /* eCommerceAssignmentUITests.swift */,
				ACA0356523D315A100BB1D3B /* Info.plist */,
			);
			path = eCommerceAssignmentUITests;
			sourceTree = "<group>";
		};
/* End PBXGroup section */

/* Begin PBXNativeTarget section */
		ACA0353A23D3158200BB1D3B /* eCommerceAssignment */ = {
			isa = PBXNativeTarget;
			buildConfigurationList = ACA0356823D315A100BB1D3B /* Build configuration list for PBXNativeTarget "eCommerceAssignment" */;
			buildPhases = (
				9DCDDF28CE5DE3B519EB5F97 /* [CP] Check Pods Manifest.lock */,
				ACA0353723D3158200BB1D3B /* Sources */,
				ACA0353823D3158200BB1D3B /* Frameworks */,
				ACA0353923D3158200BB1D3B /* Resources */,
				BEEE313B793A0187C558C5E1 /* [CP] Embed Pods Frameworks */,
			);
			buildRules = (
			);
			dependencies = (
			);
			name = eCommerceAssignment;
			productName = eCommerceAssignment;
			productReference = ACA0353B23D3158200BB1D3B /* eCommerceAssignment.app */;
			productType = "com.apple.product-type.application";
		};
		ACA0355323D315A100BB1D3B /* eCommerceAssignmentTests */ = {
			isa = PBXNativeTarget;
			buildConfigurationList = ACA0356B23D315A100BB1D3B /* Build configuration list for PBXNativeTarget "eCommerceAssignmentTests" */;
			buildPhases = (
				79200282C47A52F14255AFE2 /* [CP] Check Pods Manifest.lock */,
				ACA0355023D315A100BB1D3B /* Sources */,
				ACA0355123D315A100BB1D3B /* Frameworks */,
				ACA0355223D315A100BB1D3B /* Resources */,
			);
			buildRules = (
			);
			dependencies = (
				ACA0355623D315A100BB1D3B /* PBXTargetDependency */,
			);
			name = eCommerceAssignmentTests;
			productName = eCommerceAssignmentTests;
			productReference = ACA0355423D315A100BB1D3B /* eCommerceAssignmentTests.xctest */;
			productType = "com.apple.product-type.bundle.unit-test";
		};
		ACA0355E23D315A100BB1D3B /* eCommerceAssignmentUITests */ = {
			isa = PBXNativeTarget;
			buildConfigurationList = ACA0356E23D315A100BB1D3B /* Build configuration list for PBXNativeTarget "eCommerceAssignmentUITests" */;
			buildPhases = (
				2335EADEE615A9D440DD5A43 /* [CP] Check Pods Manifest.lock */,
				ACA0355B23D315A100BB1D3B /* Sources */,
				ACA0355C23D315A100BB1D3B /* Frameworks */,
				ACA0355D23D315A100BB1D3B /* Resources */,
			);
			buildRules = (
			);
			dependencies = (
				ACA0356123D315A100BB1D3B /* PBXTargetDependency */,
			);
			name = eCommerceAssignmentUITests;
			productName = eCommerceAssignmentUITests;
			productReference = ACA0355F23D315A100BB1D3B /* eCommerceAssignmentUITests.xctest */;
			productType = "com.apple.product-type.bundle.ui-testing";
		};
/* End PBXNativeTarget section */

/* Begin PBXProject section */
		ACA0353323D3158200BB1D3B /* Project object */ = {
			isa = PBXProject;
			attributes = {
				LastSwiftUpdateCheck = 1100;
				LastUpgradeCheck = 1100;
				ORGANIZATIONNAME = "Firoz Khan";
				TargetAttributes = {
					ACA0353A23D3158200BB1D3B = {
						CreatedOnToolsVersion = 11.0;
					};
					ACA0355323D315A100BB1D3B = {
						CreatedOnToolsVersion = 11.0;
						TestTargetID = ACA0353A23D3158200BB1D3B;
					};
					ACA0355E23D315A100BB1D3B = {
						CreatedOnToolsVersion = 11.0;
						TestTargetID = ACA0353A23D3158200BB1D3B;
					};
				};
			};
			buildConfigurationList = ACA0353623D3158200BB1D3B /* Build configuration list for PBXProject "eCommerceAssignment" */;
			compatibilityVersion = "Xcode 9.3";
			developmentRegion = en;
			hasScannedForEncodings = 0;
			knownRegions = (
				en,
				Base,
			);
			mainGroup = ACA0353223D3158200BB1D3B;
			productRefGroup = ACA0353C23D3158200BB1D3B /* Products */;
			projectDirPath = "";
			projectRoot = "";
			targets = (
				ACA0353A23D3158200BB1D3B /* eCommerceAssignment */,
				ACA0355323D315A100BB1D3B /* eCommerceAssignmentTests */,
				ACA0355E23D315A100BB1D3B /* eCommerceAssignmentUITests */,
			);
		};
/* End PBXProject section */

/* Begin PBXResourcesBuildPhase section */
		ACA0353923D3158200BB1D3B /* Resources */ = {
			isa = PBXResourcesBuildPhase;
			buildActionMask = 2147483647;
			files = (
				AC49AC6B23DB0E7E00CD6E02 /* eCommerceAssignment.xcdatamodeld in Resources */,
				ACA0354E23D3159E00BB1D3B /* LaunchScreen.storyboard in Resources */,
				AC49AC2E23DA2C6100CD6E02 /* InitialData.json in Resources */,
				ACA0354B23D3159E00BB1D3B /* Assets.xcassets in Resources */,
				ACA0354623D3158300BB1D3B /* Main.storyboard in Resources */,
			);
			runOnlyForDeploymentPostprocessing = 0;
		};
		ACA0355223D315A100BB1D3B /* Resources */ = {
			isa = PBXResourcesBuildPhase;
			buildActionMask = 2147483647;
			files = (
			);
			runOnlyForDeploymentPostprocessing = 0;
		};
		ACA0355D23D315A100BB1D3B /* Resources */ = {
			isa = PBXResourcesBuildPhase;
			buildActionMask = 2147483647;
			files = (
			);
			runOnlyForDeploymentPostprocessing = 0;
		};
/* End PBXResourcesBuildPhase section */

/* Begin PBXShellScriptBuildPhase section */
		2335EADEE615A9D440DD5A43 /* [CP] Check Pods Manifest.lock */ = {
			isa = PBXShellScriptBuildPhase;
			buildActionMask = 2147483647;
			files = (
			);
			inputFileListPaths = (
			);
			inputPaths = (
				"${PODS_PODFILE_DIR_PATH}/Podfile.lock",
				"${PODS_ROOT}/Manifest.lock",
			);
			name = "[CP] Check Pods Manifest.lock";
			outputFileListPaths = (
			);
			outputPaths = (
				"$(DERIVED_FILE_DIR)/Pods-eCommerceAssignmentUITests-checkManifestLockResult.txt",
			);
			runOnlyForDeploymentPostprocessing = 0;
			shellPath = /bin/sh;
			shellScript = "diff \"${PODS_PODFILE_DIR_PATH}/Podfile.lock\" \"${PODS_ROOT}/Manifest.lock\" > /dev/null\nif [ $? != 0 ] ; then\n    # print error to STDERR\n    echo \"error: The sandbox is not in sync with the Podfile.lock. Run 'pod install' or update your CocoaPods installation.\" >&2\n    exit 1\nfi\n# This output is used by Xcode 'outputs' to avoid re-running this script phase.\necho \"SUCCESS\" > \"${SCRIPT_OUTPUT_FILE_0}\"\n";
			showEnvVarsInLog = 0;
		};
		79200282C47A52F14255AFE2 /* [CP] Check Pods Manifest.lock */ = {
			isa = PBXShellScriptBuildPhase;
			buildActionMask = 2147483647;
			files = (
			);
			inputFileListPaths = (
			);
			inputPaths = (
				"${PODS_PODFILE_DIR_PATH}/Podfile.lock",
				"${PODS_ROOT}/Manifest.lock",
			);
			name = "[CP] Check Pods Manifest.lock";
			outputFileListPaths = (
			);
			outputPaths = (
				"$(DERIVED_FILE_DIR)/Pods-eCommerceAssignmentTests-checkManifestLockResult.txt",
			);
			runOnlyForDeploymentPostprocessing = 0;
			shellPath = /bin/sh;
			shellScript = "diff \"${PODS_PODFILE_DIR_PATH}/Podfile.lock\" \"${PODS_ROOT}/Manifest.lock\" > /dev/null\nif [ $? != 0 ] ; then\n    # print error to STDERR\n    echo \"error: The sandbox is not in sync with the Podfile.lock. Run 'pod install' or update your CocoaPods installation.\" >&2\n    exit 1\nfi\n# This output is used by Xcode 'outputs' to avoid re-running this script phase.\necho \"SUCCESS\" > \"${SCRIPT_OUTPUT_FILE_0}\"\n";
			showEnvVarsInLog = 0;
		};
		9DCDDF28CE5DE3B519EB5F97 /* [CP] Check Pods Manifest.lock */ = {
			isa = PBXShellScriptBuildPhase;
			buildActionMask = 2147483647;
			files = (
			);
			inputFileListPaths = (
			);
			inputPaths = (
				"${PODS_PODFILE_DIR_PATH}/Podfile.lock",
				"${PODS_ROOT}/Manifest.lock",
			);
			name = "[CP] Check Pods Manifest.lock";
			outputFileListPaths = (
			);
			outputPaths = (
				"$(DERIVED_FILE_DIR)/Pods-eCommerceAssignment-checkManifestLockResult.txt",
			);
			runOnlyForDeploymentPostprocessing = 0;
			shellPath = /bin/sh;
			shellScript = "diff \"${PODS_PODFILE_DIR_PATH}/Podfile.lock\" \"${PODS_ROOT}/Manifest.lock\" > /dev/null\nif [ $? != 0 ] ; then\n    # print error to STDERR\n    echo \"error: The sandbox is not in sync with the Podfile.lock. Run 'pod install' or update your CocoaPods installation.\" >&2\n    exit 1\nfi\n# This output is used by Xcode 'outputs' to avoid re-running this script phase.\necho \"SUCCESS\" > \"${SCRIPT_OUTPUT_FILE_0}\"\n";
			showEnvVarsInLog = 0;
		};
		BEEE313B793A0187C558C5E1 /* [CP] Embed Pods Frameworks */ = {
			isa = PBXShellScriptBuildPhase;
			buildActionMask = 2147483647;
			files = (
			);
			inputFileListPaths = (
				"${PODS_ROOT}/Target Support Files/Pods-eCommerceAssignment/Pods-eCommerceAssignment-frameworks-${CONFIGURATION}-input-files.xcfilelist",
			);
			name = "[CP] Embed Pods Frameworks";
			outputFileListPaths = (
				"${PODS_ROOT}/Target Support Files/Pods-eCommerceAssignment/Pods-eCommerceAssignment-frameworks-${CONFIGURATION}-output-files.xcfilelist",
			);
			runOnlyForDeploymentPostprocessing = 0;
			shellPath = /bin/sh;
			shellScript = "\"${PODS_ROOT}/Target Support Files/Pods-eCommerceAssignment/Pods-eCommerceAssignment-frameworks.sh\"\n";
			showEnvVarsInLog = 0;
		};
/* End PBXShellScriptBuildPhase section */

/* Begin PBXSourcesBuildPhase section */
		ACA0353723D3158200BB1D3B /* Sources */ = {
			isa = PBXSourcesBuildPhase;
			buildActionMask = 2147483647;
			files = (
				AC49AC8423DB7A2900CD6E02 /* Ranking+CoreDataClass.swift in Sources */,
				AC49AC8B23DB7A2900CD6E02 /* Category+CoreDataProperties.swift in Sources */,
				AC49AC8A23DB7A2900CD6E02 /* Category+CoreDataClass.swift in Sources */,
				ACA0354323D3158200BB1D3B /* HomeViewController.swift in Sources */,
				ACA0353F23D3158200BB1D3B /* AppDelegate.swift in Sources */,
				AC49AC8923DB7A2900CD6E02 /* Product+CoreDataProperties.swift in Sources */,
				AC49AC8823DB7A2900CD6E02 /* Product+CoreDataClass.swift in Sources */,
				AC49AC2B23DA2A6000CD6E02 /* HTTPSRequestManager.swift in Sources */,
				AC49AC8723DB7A2900CD6E02 /* Variant+CoreDataProperties.swift in Sources */,
				AC49AC2823DA253B00CD6E02 /* AppResourceManager.swift in Sources */,
				AC49AC8523DB7A2900CD6E02 /* Ranking+CoreDataProperties.swift in Sources */,
				ACA0354123D3158200BB1D3B /* SceneDelegate.swift in Sources */,
				AC49AC8623DB7A2900CD6E02 /* Variant+CoreDataClass.swift in Sources */,
			);
			runOnlyForDeploymentPostprocessing = 0;
		};
		ACA0355023D315A100BB1D3B /* Sources */ = {
			isa = PBXSourcesBuildPhase;
			buildActionMask = 2147483647;
			files = (
				ACA0355923D315A100BB1D3B /* eCommerceAssignmentTests.swift in Sources */,
			);
			runOnlyForDeploymentPostprocessing = 0;
		};
		ACA0355B23D315A100BB1D3B /* Sources */ = {
			isa = PBXSourcesBuildPhase;
			buildActionMask = 2147483647;
			files = (
				ACA0356423D315A100BB1D3B /* eCommerceAssignmentUITests.swift in Sources */,
			);
			runOnlyForDeploymentPostprocessing = 0;
		};
/* End PBXSourcesBuildPhase section */

/* Begin PBXTargetDependency section */
		ACA0355623D315A100BB1D3B /* PBXTargetDependency */ = {
			isa = PBXTargetDependency;
			target = ACA0353A23D3158200BB1D3B /* eCommerceAssignment */;
			targetProxy = ACA0355523D315A100BB1D3B /* PBXContainerItemProxy */;
		};
		ACA0356123D315A100BB1D3B /* PBXTargetDependency */ = {
			isa = PBXTargetDependency;
			target = ACA0353A23D3158200BB1D3B /* eCommerceAssignment */;
			targetProxy = ACA0356023D315A100BB1D3B /* PBXContainerItemProxy */;
		};
/* End PBXTargetDependency section */

/* Begin PBXVariantGroup section */
		ACA0354423D3158300BB1D3B /* Main.storyboard */ = {
			isa = PBXVariantGroup;
			children = (
				ACA0354523D3158300BB1D3B /* Base */,
			);
			name = Main.storyboard;
			sourceTree = "<group>";
		};
		ACA0354C23D3159E00BB1D3B /* LaunchScreen.storyboard */ = {
			isa = PBXVariantGroup;
			children = (
				ACA0354D23D3159E00BB1D3B /* Base */,
			);
			name = LaunchScreen.storyboard;
			sourceTree = "<group>";
		};
/* End PBXVariantGroup section */

/* Begin XCBuildConfiguration section */
		ACA0356623D315A100BB1D3B /* Debug */ = {
			isa = XCBuildConfiguration;
			buildSettings = {
				ALWAYS_SEARCH_USER_PATHS = NO;
				CLANG_ANALYZER_NONNULL = YES;
				CLANG_ANALYZER_NUMBER_OBJECT_CONVERSION = YES_AGGRESSIVE;
				CLANG_CXX_LANGUAGE_STANDARD = "gnu++14";
				CLANG_CXX_LIBRARY = "libc++";
				CLANG_ENABLE_MODULES = YES;
				CLANG_ENABLE_OBJC_ARC = YES;
				CLANG_ENABLE_OBJC_WEAK = YES;
				CLANG_WARN_BLOCK_CAPTURE_AUTORELEASING = YES;
				CLANG_WARN_BOOL_CONVERSION = YES;
				CLANG_WARN_COMMA = YES;
				CLANG_WARN_CONSTANT_CONVERSION = YES;
				CLANG_WARN_DEPRECATED_OBJC_IMPLEMENTATIONS = YES;
				CLANG_WARN_DIRECT_OBJC_ISA_USAGE = YES_ERROR;
				CLANG_WARN_DOCUMENTATION_COMMENTS = YES;
				CLANG_WARN_EMPTY_BODY = YES;
				CLANG_WARN_ENUM_CONVERSION = YES;
				CLANG_WARN_INFINITE_RECURSION = YES;
				CLANG_WARN_INT_CONVERSION = YES;
				CLANG_WARN_NON_LITERAL_NULL_CONVERSION = YES;
				CLANG_WARN_OBJC_IMPLICIT_RETAIN_SELF = YES;
				CLANG_WARN_OBJC_LITERAL_CONVERSION = YES;
				CLANG_WARN_OBJC_ROOT_CLASS = YES_ERROR;
				CLANG_WARN_RANGE_LOOP_ANALYSIS = YES;
				CLANG_WARN_STRICT_PROTOTYPES = YES;
				CLANG_WARN_SUSPICIOUS_MOVE = YES;
				CLANG_WARN_UNGUARDED_AVAILABILITY = YES_AGGRESSIVE;
				CLANG_WARN_UNREACHABLE_CODE = YES;
				CLANG_WARN__DUPLICATE_METHOD_MATCH = YES;
				COPY_PHASE_STRIP = NO;
				DEBUG_INFORMATION_FORMAT = dwarf;
				ENABLE_STRICT_OBJC_MSGSEND = YES;
				ENABLE_TESTABILITY = YES;
				GCC_C_LANGUAGE_STANDARD = gnu11;
				GCC_DYNAMIC_NO_PIC = NO;
				GCC_NO_COMMON_BLOCKS = YES;
				GCC_OPTIMIZATION_LEVEL = 0;
				GCC_PREPROCESSOR_DEFINITIONS = (
					"DEBUG=1",
					"$(inherited)",
				);
				GCC_WARN_64_TO_32_BIT_CONVERSION = YES;
				GCC_WARN_ABOUT_RETURN_TYPE = YES_ERROR;
				GCC_WARN_UNDECLARED_SELECTOR = YES;
				GCC_WARN_UNINITIALIZED_AUTOS = YES_AGGRESSIVE;
				GCC_WARN_UNUSED_FUNCTION = YES;
				GCC_WARN_UNUSED_VARIABLE = YES;
				IPHONEOS_DEPLOYMENT_TARGET = 13.0;
				MTL_ENABLE_DEBUG_INFO = INCLUDE_SOURCE;
				MTL_FAST_MATH = YES;
				ONLY_ACTIVE_ARCH = YES;
				SDKROOT = iphoneos;
				SWIFT_ACTIVE_COMPILATION_CONDITIONS = DEBUG;
				SWIFT_OPTIMIZATION_LEVEL = "-Onone";
			};
			name = Debug;
		};
		ACA0356723D315A100BB1D3B /* Release */ = {
			isa = XCBuildConfiguration;
			buildSettings = {
				ALWAYS_SEARCH_USER_PATHS = NO;
				CLANG_ANALYZER_NONNULL = YES;
				CLANG_ANALYZER_NUMBER_OBJECT_CONVERSION = YES_AGGRESSIVE;
				CLANG_CXX_LANGUAGE_STANDARD = "gnu++14";
				CLANG_CXX_LIBRARY = "libc++";
				CLANG_ENABLE_MODULES = YES;
				CLANG_ENABLE_OBJC_ARC = YES;
				CLANG_ENABLE_OBJC_WEAK = YES;
				CLANG_WARN_BLOCK_CAPTURE_AUTORELEASING = YES;
				CLANG_WARN_BOOL_CONVERSION = YES;
				CLANG_WARN_COMMA = YES;
				CLANG_WARN_CONSTANT_CONVERSION = YES;
				CLANG_WARN_DEPRECATED_OBJC_IMPLEMENTATIONS = YES;
				CLANG_WARN_DIRECT_OBJC_ISA_USAGE = YES_ERROR;
				CLANG_WARN_DOCUMENTATION_COMMENTS = YES;
				CLANG_WARN_EMPTY_BODY = YES;
				CLANG_WARN_ENUM_CONVERSION = YES;
				CLANG_WARN_INFINITE_RECURSION = YES;
				CLANG_WARN_INT_CONVERSION = YES;
				CLANG_WARN_NON_LITERAL_NULL_CONVERSION = YES;
				CLANG_WARN_OBJC_IMPLICIT_RETAIN_SELF = YES;
				CLANG_WARN_OBJC_LITERAL_CONVERSION = YES;
				CLANG_WARN_OBJC_ROOT_CLASS = YES_ERROR;
				CLANG_WARN_RANGE_LOOP_ANALYSIS = YES;
				CLANG_WARN_STRICT_PROTOTYPES = YES;
				CLANG_WARN_SUSPICIOUS_MOVE = YES;
				CLANG_WARN_UNGUARDED_AVAILABILITY = YES_AGGRESSIVE;
				CLANG_WARN_UNREACHABLE_CODE = YES;
				CLANG_WARN__DUPLICATE_METHOD_MATCH = YES;
				COPY_PHASE_STRIP = NO;
				DEBUG_INFORMATION_FORMAT = "dwarf-with-dsym";
				ENABLE_NS_ASSERTIONS = NO;
				ENABLE_STRICT_OBJC_MSGSEND = YES;
				GCC_C_LANGUAGE_STANDARD = gnu11;
				GCC_NO_COMMON_BLOCKS = YES;
				GCC_WARN_64_TO_32_BIT_CONVERSION = YES;
				GCC_WARN_ABOUT_RETURN_TYPE = YES_ERROR;
				GCC_WARN_UNDECLARED_SELECTOR = YES;
				GCC_WARN_UNINITIALIZED_AUTOS = YES_AGGRESSIVE;
				GCC_WARN_UNUSED_FUNCTION = YES;
				GCC_WARN_UNUSED_VARIABLE = YES;
				IPHONEOS_DEPLOYMENT_TARGET = 13.0;
				MTL_ENABLE_DEBUG_INFO = NO;
				MTL_FAST_MATH = YES;
				SDKROOT = iphoneos;
				SWIFT_COMPILATION_MODE = wholemodule;
				SWIFT_OPTIMIZATION_LEVEL = "-O";
				VALIDATE_PRODUCT = YES;
			};
			name = Release;
		};
		ACA0356923D315A100BB1D3B /* Debug */ = {
			isa = XCBuildConfiguration;
			baseConfigurationReference = B18654C4AAE6D15122A7BB5E /* Pods-eCommerceAssignment.debug.xcconfig */;
			buildSettings = {
				ASSETCATALOG_COMPILER_APPICON_NAME = AppIcon;
				CODE_SIGN_IDENTITY = "Apple Development";
				CODE_SIGN_STYLE = Automatic;
				DEVELOPMENT_TEAM = FAS69NP22F;
				INFOPLIST_FILE = eCommerceAssignment/Info.plist;
				LD_RUNPATH_SEARCH_PATHS = (
					"$(inherited)",
					"@executable_path/Frameworks",
				);
				PRODUCT_BUNDLE_IDENTIFIER = "com.firoz-khan.eCommerceAssignment";
				PRODUCT_NAME = "$(TARGET_NAME)";
				PROVISIONING_PROFILE_SPECIFIER = "";
				SWIFT_VERSION = 5.0;
				TARGETED_DEVICE_FAMILY = "1,2";
			};
			name = Debug;
		};
		ACA0356A23D315A100BB1D3B /* Release */ = {
			isa = XCBuildConfiguration;
			baseConfigurationReference = 9DC8BCD8597FF7B26329E795 /* Pods-eCommerceAssignment.release.xcconfig */;
			buildSettings = {
				ASSETCATALOG_COMPILER_APPICON_NAME = AppIcon;
				CODE_SIGN_IDENTITY = "Apple Development";
				CODE_SIGN_STYLE = Automatic;
				DEVELOPMENT_TEAM = FAS69NP22F;
				INFOPLIST_FILE = eCommerceAssignment/Info.plist;
				LD_RUNPATH_SEARCH_PATHS = (
					"$(inherited)",
					"@executable_path/Frameworks",
				);
				PRODUCT_BUNDLE_IDENTIFIER = "com.firoz-khan.eCommerceAssignment";
				PRODUCT_NAME = "$(TARGET_NAME)";
				PROVISIONING_PROFILE_SPECIFIER = "";
				SWIFT_VERSION = 5.0;
				TARGETED_DEVICE_FAMILY = "1,2";
			};
			name = Release;
		};
		ACA0356C23D315A100BB1D3B /* Debug */ = {
			isa = XCBuildConfiguration;
			baseConfigurationReference = C84630CD114BB24DF501A61F /* Pods-eCommerceAssignmentTests.debug.xcconfig */;
			buildSettings = {
				ALWAYS_EMBED_SWIFT_STANDARD_LIBRARIES = YES;
				BUNDLE_LOADER = "$(TEST_HOST)";
				CODE_SIGN_STYLE = Automatic;
				INFOPLIST_FILE = eCommerceAssignmentTests/Info.plist;
				IPHONEOS_DEPLOYMENT_TARGET = 13.0;
				LD_RUNPATH_SEARCH_PATHS = (
					"$(inherited)",
					"@executable_path/Frameworks",
					"@loader_path/Frameworks",
				);
				PRODUCT_BUNDLE_IDENTIFIER = "com.firoz-khan.eCommerceAssignmentTests";
				PRODUCT_NAME = "$(TARGET_NAME)";
				SWIFT_VERSION = 5.0;
				TARGETED_DEVICE_FAMILY = "1,2";
				TEST_HOST = "$(BUILT_PRODUCTS_DIR)/eCommerceAssignment.app/eCommerceAssignment";
			};
			name = Debug;
		};
		ACA0356D23D315A100BB1D3B /* Release */ = {
			isa = XCBuildConfiguration;
			baseConfigurationReference = 00BDF442C5F5461726CE0751 /* Pods-eCommerceAssignmentTests.release.xcconfig */;
			buildSettings = {
				ALWAYS_EMBED_SWIFT_STANDARD_LIBRARIES = YES;
				BUNDLE_LOADER = "$(TEST_HOST)";
				CODE_SIGN_STYLE = Automatic;
				INFOPLIST_FILE = eCommerceAssignmentTests/Info.plist;
				IPHONEOS_DEPLOYMENT_TARGET = 13.0;
				LD_RUNPATH_SEARCH_PATHS = (
					"$(inherited)",
					"@executable_path/Frameworks",
					"@loader_path/Frameworks",
				);
				PRODUCT_BUNDLE_IDENTIFIER = "com.firoz-khan.eCommerceAssignmentTests";
				PRODUCT_NAME = "$(TARGET_NAME)";
				SWIFT_VERSION = 5.0;
				TARGETED_DEVICE_FAMILY = "1,2";
				TEST_HOST = "$(BUILT_PRODUCTS_DIR)/eCommerceAssignment.app/eCommerceAssignment";
			};
			name = Release;
		};
		ACA0356F23D315A100BB1D3B /* Debug */ = {
			isa = XCBuildConfiguration;
			baseConfigurationReference = FCE38D0998C231E5BFAFA98A /* Pods-eCommerceAssignmentUITests.debug.xcconfig */;
			buildSettings = {
				ALWAYS_EMBED_SWIFT_STANDARD_LIBRARIES = YES;
				CODE_SIGN_STYLE = Automatic;
				INFOPLIST_FILE = eCommerceAssignmentUITests/Info.plist;
				LD_RUNPATH_SEARCH_PATHS = (
					"$(inherited)",
					"@executable_path/Frameworks",
					"@loader_path/Frameworks",
				);
				PRODUCT_BUNDLE_IDENTIFIER = "com.firoz-khan.eCommerceAssignmentUITests";
				PRODUCT_NAME = "$(TARGET_NAME)";
				SWIFT_VERSION = 5.0;
				TARGETED_DEVICE_FAMILY = "1,2";
				TEST_TARGET_NAME = eCommerceAssignment;
			};
			name = Debug;
		};
		ACA0357023D315A100BB1D3B /* Release */ = {
			isa = XCBuildConfiguration;
			baseConfigurationReference = FB584B2F543390A75564385B /* Pods-eCommerceAssignmentUITests.release.xcconfig */;
			buildSettings = {
				ALWAYS_EMBED_SWIFT_STANDARD_LIBRARIES = YES;
				CODE_SIGN_STYLE = Automatic;
				INFOPLIST_FILE = eCommerceAssignmentUITests/Info.plist;
				LD_RUNPATH_SEARCH_PATHS = (
					"$(inherited)",
					"@executable_path/Frameworks",
					"@loader_path/Frameworks",
				);
				PRODUCT_BUNDLE_IDENTIFIER = "com.firoz-khan.eCommerceAssignmentUITests";
				PRODUCT_NAME = "$(TARGET_NAME)";
				SWIFT_VERSION = 5.0;
				TARGETED_DEVICE_FAMILY = "1,2";
				TEST_TARGET_NAME = eCommerceAssignment;
			};
			name = Release;
		};
/* End XCBuildConfiguration section */

/* Begin XCConfigurationList section */
		ACA0353623D3158200BB1D3B /* Build configuration list for PBXProject "eCommerceAssignment" */ = {
			isa = XCConfigurationList;
			buildConfigurations = (
				ACA0356623D315A100BB1D3B /* Debug */,
				ACA0356723D315A100BB1D3B /* Release */,
			);
			defaultConfigurationIsVisible = 0;
			defaultConfigurationName = Release;
		};
		ACA0356823D315A100BB1D3B /* Build configuration list for PBXNativeTarget "eCommerceAssignment" */ = {
			isa = XCConfigurationList;
			buildConfigurations = (
				ACA0356923D315A100BB1D3B /* Debug */,
				ACA0356A23D315A100BB1D3B /* Release */,
			);
			defaultConfigurationIsVisible = 0;
			defaultConfigurationName = Release;
		};
		ACA0356B23D315A100BB1D3B /* Build configuration list for PBXNativeTarget "eCommerceAssignmentTests" */ = {
			isa = XCConfigurationList;
			buildConfigurations = (
				ACA0356C23D315A100BB1D3B /* Debug */,
				ACA0356D23D315A100BB1D3B /* Release */,
			);
			defaultConfigurationIsVisible = 0;
			defaultConfigurationName = Release;
		};
		ACA0356E23D315A100BB1D3B /* Build configuration list for PBXNativeTarget "eCommerceAssignmentUITests" */ = {
			isa = XCConfigurationList;
			buildConfigurations = (
				ACA0356F23D315A100BB1D3B /* Debug */,
				ACA0357023D315A100BB1D3B /* Release */,
			);
			defaultConfigurationIsVisible = 0;
			defaultConfigurationName = Release;
		};
/* End XCConfigurationList section */

/* Begin XCVersionGroup section */
		AC49AC4823DB0ADC00CD6E02 /* eCommerceAssignment.xcdatamodeld */ = {
			isa = XCVersionGroup;
			children = (
				AC49AC4923DB0ADC00CD6E02 /* eCommerceAssignment.xcdatamodel */,
			);
			currentVersion = AC49AC4923DB0ADC00CD6E02 /* eCommerceAssignment.xcdatamodel */;
			path = eCommerceAssignment.xcdatamodeld;
			sourceTree = "<group>";
			versionGroupType = wrapper.xcdatamodel;
		};
/* End XCVersionGroup section */
	};
	rootObject = ACA0353323D3158200BB1D3B /* Project object */;
}
